
Microsoft Visual Studio Solution File, Format Version 12.00
# Visual Studio Version 16
VisualStudioVersion = 16.0.30320.27
MinimumVisualStudioVersion = 10.0.40219.1
Project("{FAE04EC0-301F-11D3-BF4B-00C04F79EFBC}") = "BrotherPrintServer", "BrotherPrintServer\BrotherPrintServer.csproj", "{73094EE8-F725-4A3F-9303-CFA5247AF0EC}"
EndProject
Global
	GlobalSection(SolutionConfigurationPlatforms) = preSolution
		Debug|Any CPU = Debug|Any CPU
		Debug|x64 = Debug|x64
		Debug|x86 = Debug|x86
		Release|Any CPU = Release|Any CPU
		Release|x64 = Release|x64
		Release|x86 = Release|x86
	EndGlobalSection
	GlobalSection(ProjectConfigurationPlatforms) = postSolution
		{73094EE8-F725-4A3F-9303-CFA5247AF0EC}.Debug|Any CPU.ActiveCfg = Debug|Any CPU
		{73094EE8-F725-4A3F-9303-CFA5247AF0EC}.Debug|Any CPU.Build.0 = Debug|Any CPU
		{73094EE8-F725-4A3F-9303-CFA5247AF0EC}.Debug|x64.ActiveCfg = Debug|x64
		{73094EE8-F725-4A3F-9303-CFA5247AF0EC}.Debug|x64.Build.0 = Debug|x64
		{73094EE8-F725-4A3F-9303-CFA5247AF0EC}.Debug|x86.ActiveCfg = Debug|Any CPU
		{73094EE8-F725-4A3F-9303-CFA5247AF0EC}.Debug|x86.Build.0 = Debug|Any CPU
		{73094EE8-F725-4A3F-9303-CFA5247AF0EC}.Release|Any CPU.ActiveCfg = Release|Any CPU
		{73094EE8-F725-4A3F-9303-CFA5247AF0EC}.Release|Any CPU.Build.0 = Release|Any CPU
		{73094EE8-F725-4A3F-9303-CFA5247AF0EC}.Release|x64.ActiveCfg = Release|x64
		{73094EE8-F725-4A3F-9303-CFA5247AF0EC}.Release|x64.Build.0 = Release|x64
		{73094EE8-F725-4A3F-9303-CFA5247AF0EC}.Release|x86.ActiveCfg = Release|Any CPU
		{73094EE8-F725-4A3F-9303-CFA5247AF0EC}.Release|x86.Build.0 = Release|Any CPU
	EndGlobalSection
	GlobalSection(SolutionProperties) = preSolution
		HideSolutionNode = FALSE
	EndGlobalSection
	GlobalSection(ExtensibilityGlobals) = postSolution
		SolutionGuid = {123EDE53-16E7-4C3E-83A1-5BD6869BB2CE}
	EndGlobalSection
EndGlobal
